// !$*UTF8*$!
{
	archiveVersion = 1;
	classes = {
	};
	objectVersion = 77;
	objects = {

/* Begin PBXBuildFile section */
		5FCED69A2DA30108009A9221 /* Swinject in Frameworks */ = {isa = PBXBuildFile; productRef = 5FCED6992DA30108009A9221 /* Swinject */; };
/* End PBXBuildFile section */

/* Begin PBXFileReference section */
		5FB11CA12D9F0B1D00975EDB /* TMDB Port.app */ = {isa = PBXFileReference; explicitFileType = wrapper.application; includeInIndex = 0; path = "TMDB Port.app"; sourceTree = BUILT_PRODUCTS_DIR; };
/* End PBXFileReference section */

/* Begin PBXFileSystemSynchronizedBuildFileExceptionSet section */
		5FB11CB32D9F0B1F00975EDB /* Exceptions for "TMDB Port" folder in "TMDB Port" target */ = {
			isa = PBXFileSystemSynchronizedBuildFileExceptionSet;
			membershipExceptions = (
				Info.plist,
			);
			target = 5FB11CA02D9F0B1D00975EDB /* TMDB Port */;
		};
/* End PBXFileSystemSynchronizedBuildFileExceptionSet section */

/* Begin PBXFileSystemSynchronizedRootGroup section */
		5FB11CA32D9F0B1D00975EDB /* TMDB Port */ = {
			isa = PBXFileSystemSynchronizedRootGroup;
			exceptions = (
				5FB11CB32D9F0B1F00975EDB /* Exceptions for "TMDB Port" folder in "TMDB Port" target */,
			);
			path = "TMDB Port";
			sourceTree = "<group>";
		};
/* End PBXFileSystemSynchronizedRootGroup section */

/* Begin PBXFrameworksBuildPhase section */
		5FB11C9E2D9F0B1D00975EDB /* Frameworks */ = {
			isa = PBXFrameworksBuildPhase;
			buildActionMask = 2147483647;
			files = (
				5FCED69A2DA30108009A9221 /* Swinject in Frameworks */,
			);
			runOnlyForDeploymentPostprocessing = 0;
		};
/* End PBXFrameworksBuildPhase section */

/* Begin PBXGroup section */
		5FB11C982D9F0B1D00975EDB = {
			isa = PBXGroup;
			children = (
				5FB11CA32D9F0B1D00975EDB /* TMDB Port */,
				5FB11CA22D9F0B1D00975EDB /* Products */,
			);
			sourceTree = "<group>";
		};
		5FB11CA22D9F0B1D00975EDB /* Products */ = {
			isa = PBXGroup;
			children = (
				5FB11CA12D9F0B1D00975EDB /* TMDB Port.app */,
			);
			name = Products;
			sourceTree = "<group>";
		};
/* End PBXGroup section */

/* Begin PBXNativeTarget section */
		5FB11CA02D9F0B1D00975EDB /* TMDB Port */ = {
			isa = PBXNativeTarget;
			buildConfigurationList = 5FB11CB42D9F0B1F00975EDB /* Build configuration list for PBXNativeTarget "TMDB Port" */;
			buildPhases = (
				5FB11C9D2D9F0B1D00975EDB /* Sources */,
				5FB11C9E2D9F0B1D00975EDB /* Frameworks */,
				5FB11C9F2D9F0B1D00975EDB /* Resources */,
				5FCED39B2DA28F3A009A9221 /* ShellScript */,
				5FCED39A2DA28E57009A9221 /* ShellScript */,
			);
			buildRules = (
			);
			dependencies = (
			);
			fileSystemSynchronizedGroups = (
				5FB11CA32D9F0B1D00975EDB /* TMDB Port */,
			);
			name = "TMDB Port";
			packageProductDependencies = (
				5FCED6992DA30108009A9221 /* Swinject */,
			);
			productName = "TMDB Port";
			productReference = 5FB11CA12D9F0B1D00975EDB /* TMDB Port.app */;
			productType = "com.apple.product-type.application";
		};
/* End PBXNativeTarget section */

/* Begin PBXProject section */
		5FB11C992D9F0B1D00975EDB /* Project object */ = {
			isa = PBXProject;
			attributes = {
				BuildIndependentTargetsInParallel = 1;
				LastSwiftUpdateCheck = 1620;
				LastUpgradeCheck = 1620;
				TargetAttributes = {
					5FB11CA02D9F0B1D00975EDB = {
						CreatedOnToolsVersion = 16.2;
					};
				};
			};
			buildConfigurationList = 5FB11C9C2D9F0B1D00975EDB /* Build configuration list for PBXProject "TMDB Port" */;
			developmentRegion = en;
			hasScannedForEncodings = 0;
			knownRegions = (
				en,
				Base,
			);
			mainGroup = 5FB11C982D9F0B1D00975EDB;
			minimizedProjectReferenceProxies = 1;
			packageReferences = (
				5FCED3992DA28E4C009A9221 /* XCRemoteSwiftPackageReference "Sourcery" */,
				5FCED6982DA30108009A9221 /* XCRemoteSwiftPackageReference "Swinject" */,
			);
			preferredProjectObjectVersion = 77;
			productRefGroup = 5FB11CA22D9F0B1D00975EDB /* Products */;
			projectDirPath = "";
			projectRoot = "";
			targets = (
				5FB11CA02D9F0B1D00975EDB /* TMDB Port */,
			);
		};
/* End PBXProject section */

/* Begin PBXResourcesBuildPhase section */
		5FB11C9F2D9F0B1D00975EDB /* Resources */ = {
			isa = PBXResourcesBuildPhase;
			buildActionMask = 2147483647;
			files = (
			);
			runOnlyForDeploymentPostprocessing = 0;
		};
/* End PBXResourcesBuildPhase section */

/* Begin PBXShellScriptBuildPhase section */
		5FCED39A2DA28E57009A9221 /* ShellScript */ = {
			isa = PBXShellScriptBuildPhase;
			buildActionMask = 12;
			files = (
			);
			inputFileListPaths = (
			);
			inputPaths = (
			);
			outputFileListPaths = (
			);
			outputPaths = (
			);
			runOnlyForDeploymentPostprocessing = 0;
			shellPath = /bin/sh;
			shellScript = "# This script should be run as a phase script before building the project\n#\n# The script:\n# 1. Reads env vars from .env.xcconfig\n# 2. Performs EnvironmentVars code generation using Sourcery and EnvironmentVars.stencil template\n\nif [ $ACTION = \"indexbuild\" ]; then exit 0; fi\n\necho \"EnvironmentVars CodeGen\"\n\nCONFIGURATION_PATH=\"${SRCROOT}/TMDB Port/Configurations/EnvironmentVars\"\nTEMPLATE_PATH=\"${CONFIGURATION_PATH}/EnvironmentVars.stencil\"\n\n# Path to the env.xcconfig file\nxcconfig_file=\"${CONFIGURATION_PATH}/env.xcconfig\"\n\nif ! [ -f \"$xcconfig_file\" ]; then\n    echo \"The file '$xcconfig_file' does not exist. Run 'env_vars_init.sh' first.\"\n    exit 1\nfi\n\necho \"Performing EnvironmentVars CodeGen.\"\n\n# Declare an empty string to hold the env variables in comma-separated format\nenv_vars=\"\"\n\n# Read each line from the xcconfig file\nwhile IFS= read -r line; do\n  # Ignore comments and empty lines\n  if [[ \"$line\" =~ ^\\s*# ]] || [[ -z \"$line\" ]]; then\n    continue\n  fi\n\n  # Extract the variable name and value from the line\n  var_name=\"$(echo \"$line\" | cut -d'=' -f1 | sed 's/ //g')\"\n  var_value=\"$(echo \"$line\" | cut -d'=' -f2- | sed 's/^ *//;s/ *$//')\"\n\n  # Append the variable to the env_vars string\n  env_vars+=\"$var_name=$var_value,\"\ndone < \"$xcconfig_file\"\n\n# Remove the trailing comma\nenv_vars=\"${env_vars%,}\"\n# Use full path to Sourcery executable\nSOURCERY_EXECUTABLE=\"/opt/homebrew/bin/sourcery\"\n\n# Run Sourcery Codegen\n\"$SOURCERY_EXECUTABLE\" --templates \"${TEMPLATE_PATH}\" --sources \"${CONFIGURATION_PATH}\" --output \"${CONFIGURATION_PATH}\" --args \"$env_vars\"\n";
		};
		5FCED39B2DA28F3A009A9221 /* ShellScript */ = {
			isa = PBXShellScriptBuildPhase;
			buildActionMask = 2147483647;
			files = (
			);
			inputFileListPaths = (
			);
			inputPaths = (
			);
			outputFileListPaths = (
			);
			outputPaths = (
			);
			runOnlyForDeploymentPostprocessing = 0;
			shellPath = /bin/sh;
			shellScript = "#!/bin/bash\n\n# This script should be run as a phase script before building the project\n#\n# The script:\n# 1. Copies .env-example.xcconfig to .env.xcconfig if .env.xcconfig does not exist\n\nif [ $ACTION = \"indexbuild\" ]; then exit 0; fi\n\necho \"EnvironmentVars init\"\n\necho \"$SRCROOT\"\n\nCONFIGURATION_PATH=\"${SRCROOT}/TMDB Port/Configurations/EnvironmentVars\"\n\n# Path to the env.xcconfig file\n\nxcconfig_file=\"${CONFIGURATION_PATH}/env.xcconfig\"\n\nif [ -f \"$xcconfig_file\" ]; then\n  echo \"The file '$xcconfig_file' found.\"\nelse\n\n  echo \"The file '$xcconfig_file' does not exist.\"\n  example_xcconfig_file=\"${CONFIGURATION_PATH}/env-example.xcconfig\"\n  cp \"$example_xcconfig_file\" \"$xcconfig_file\"\n  echo \"Copied from '$example_xcconfig_file' to '$xcconfig_file'\"\nfi\n";
		};
/* End PBXShellScriptBuildPhase section */

/* Begin PBXSourcesBuildPhase section */
		5FB11C9D2D9F0B1D00975EDB /* Sources */ = {
			isa = PBXSourcesBuildPhase;
			buildActionMask = 2147483647;
			files = (
			);
			runOnlyForDeploymentPostprocessing = 0;
		};
/* End PBXSourcesBuildPhase section */

/* Begin XCBuildConfiguration section */
		5FB11CB52D9F0B1F00975EDB /* Debug */ = {
			isa = XCBuildConfiguration;
			buildSettings = {
				ASSETCATALOG_COMPILER_APPICON_NAME = AppIcon;
				ASSETCATALOG_COMPILER_GLOBAL_ACCENT_COLOR_NAME = AccentColor;
				CODE_SIGN_STYLE = Automatic;
				CURRENT_PROJECT_VERSION = 1;
				DEVELOPMENT_TEAM = X423NX4WYH;
				GENERATE_INFOPLIST_FILE = YES;
				INFOPLIST_FILE = "TMDB Port/Info.plist";
				INFOPLIST_KEY_UIApplicationSupportsIndirectInputEvents = YES;
				INFOPLIST_KEY_UILaunchStoryboardName = LaunchScreen;
				INFOPLIST_KEY_UIMainStoryboardFile = "";
				INFOPLIST_KEY_UISupportedInterfaceOrientations_iPad = "UIInterfaceOrientationPortrait UIInterfaceOrientationPortraitUpsideDown UIInterfaceOrientationLandscapeLeft UIInterfaceOrientationLandscapeRight";
				INFOPLIST_KEY_UISupportedInterfaceOrientations_iPhone = "UIInterfaceOrientationPortrait UIInterfaceOrientationLandscapeLeft UIInterfaceOrientationLandscapeRight";
				IPHONEOS_DEPLOYMENT_TARGET = 17;
				LD_RUNPATH_SEARCH_PATHS = (
					"$(inherited)",
					"@executable_path/Frameworks",
				);
				MARKETING_VERSION = 1.0;
				PRODUCT_BUNDLE_IDENTIFIER = "mhdmoh.com.TMDB-Port";
				PRODUCT_NAME = "$(TARGET_NAME)";
				SWIFT_EMIT_LOC_STRINGS = YES;
				SWIFT_VERSION = 5.0;
				TARGETED_DEVICE_FAMILY = "1,2";
			};
			name = Debug;
		};
		5FB11CB62D9F0B1F00975EDB /* Release */ = {
			isa = XCBuildConfiguration;
			buildSettings = {
				ASSETCATALOG_COMPILER_APPICON_NAME = AppIcon;
				ASSETCATALOG_COMPILER_GLOBAL_ACCENT_COLOR_NAME = AccentColor;
				CODE_SIGN_STYLE = Automatic;
				CURRENT_PROJECT_VERSION = 1;
				DEVELOPMENT_TEAM = X423NX4WYH;
				GENERATE_INFOPLIST_FILE = YES;
				INFOPLIST_FILE = "TMDB Port/Info.plist";
				INFOPLIST_KEY_UIApplicationSupportsIndirectInputEvents = YES;
				INFOPLIST_KEY_UILaunchStoryboardName = LaunchScreen;
				INFOPLIST_KEY_UIMainStoryboardFile = "";
				INFOPLIST_KEY_UISupportedInterfaceOrientations_iPad = "UIInterfaceOrientationPortrait UIInterfaceOrientationPortraitUpsideDown UIInterfaceOrientationLandscapeLeft UIInterfaceOrientationLandscapeRight";
				INFOPLIST_KEY_UISupportedInterfaceOrientations_iPhone = "UIInterfaceOrientationPortrait UIInterfaceOrientationLandscapeLeft UIInterfaceOrientationLandscapeRight";
				IPHONEOS_DEPLOYMENT_TARGET = 17;
				LD_RUNPATH_SEARCH_PATHS = (
					"$(inherited)",
					"@executable_path/Frameworks",
				);
				MARKETING_VERSION = 1.0;
				PRODUCT_BUNDLE_IDENTIFIER = "mhdmoh.com.TMDB-Port";
				PRODUCT_NAME = "$(TARGET_NAME)";
				SWIFT_EMIT_LOC_STRINGS = YES;
				SWIFT_VERSION = 5.0;
				TARGETED_DEVICE_FAMILY = "1,2";
			};
			name = Release;
		};
		5FB11CB72D9F0B1F00975EDB /* Debug */ = {
			isa = XCBuildConfiguration;
			buildSettings = {
				ALWAYS_SEARCH_USER_PATHS = NO;
				ASSETCATALOG_COMPILER_GENERATE_SWIFT_ASSET_SYMBOL_EXTENSIONS = YES;
				CLANG_ANALYZER_NONNULL = YES;
				CLANG_ANALYZER_NUMBER_OBJECT_CONVERSION = YES_AGGRESSIVE;
				CLANG_CXX_LANGUAGE_STANDARD = "gnu++20";
				CLANG_ENABLE_MODULES = YES;
				CLANG_ENABLE_OBJC_ARC = YES;
				CLANG_ENABLE_OBJC_WEAK = YES;
				CLANG_WARN_BLOCK_CAPTURE_AUTORELEASING = YES;
				CLANG_WARN_BOOL_CONVERSION = YES;
				CLANG_WARN_COMMA = YES;
				CLANG_WARN_CONSTANT_CONVERSION = YES;
				CLANG_WARN_DEPRECATED_OBJC_IMPLEMENTATIONS = YES;
				CLANG_WARN_DIRECT_OBJC_ISA_USAGE = YES_ERROR;
				CLANG_WARN_DOCUMENTATION_COMMENTS = YES;
				CLANG_WARN_EMPTY_BODY = YES;
				CLANG_WARN_ENUM_CONVERSION = YES;
				CLANG_WARN_INFINITE_RECURSION = YES;
				CLANG_WARN_INT_CONVERSION = YES;
				CLANG_WARN_NON_LITERAL_NULL_CONVERSION = YES;
				CLANG_WARN_OBJC_IMPLICIT_RETAIN_SELF = YES;
				CLANG_WARN_OBJC_LITERAL_CONVERSION = YES;
				CLANG_WARN_OBJC_ROOT_CLASS = YES_ERROR;
				CLANG_WARN_QUOTED_INCLUDE_IN_FRAMEWORK_HEADER = YES;
				CLANG_WARN_RANGE_LOOP_ANALYSIS = YES;
				CLANG_WARN_STRICT_PROTOTYPES = YES;
				CLANG_WARN_SUSPICIOUS_MOVE = YES;
				CLANG_WARN_UNGUARDED_AVAILABILITY = YES_AGGRESSIVE;
				CLANG_WARN_UNREACHABLE_CODE = YES;
				CLANG_WARN__DUPLICATE_METHOD_MATCH = YES;
				COPY_PHASE_STRIP = NO;
				DEBUG_INFORMATION_FORMAT = dwarf;
				ENABLE_STRICT_OBJC_MSGSEND = YES;
				ENABLE_TESTABILITY = YES;
				ENABLE_USER_SCRIPT_SANDBOXING = NO;
				GCC_C_LANGUAGE_STANDARD = gnu17;
				GCC_DYNAMIC_NO_PIC = NO;
				GCC_NO_COMMON_BLOCKS = YES;
				GCC_OPTIMIZATION_LEVEL = 0;
				GCC_PREPROCESSOR_DEFINITIONS = (
					"DEBUG=1",
					"$(inherited)",
				);
				GCC_WARN_64_TO_32_BIT_CONVERSION = YES;
				GCC_WARN_ABOUT_RETURN_TYPE = YES_ERROR;
				GCC_WARN_UNDECLARED_SELECTOR = YES;
				GCC_WARN_UNINITIALIZED_AUTOS = YES_AGGRESSIVE;
				GCC_WARN_UNUSED_FUNCTION = YES;
				GCC_WARN_UNUSED_VARIABLE = YES;
				IPHONEOS_DEPLOYMENT_TARGET = 18.2;
				LOCALIZATION_PREFERS_STRING_CATALOGS = YES;
				MTL_ENABLE_DEBUG_INFO = INCLUDE_SOURCE;
				MTL_FAST_MATH = YES;
				ONLY_ACTIVE_ARCH = YES;
				SDKROOT = iphoneos;
				SWIFT_ACTIVE_COMPILATION_CONDITIONS = "DEBUG $(inherited)";
				SWIFT_OPTIMIZATION_LEVEL = "-Onone";
			};
			name = Debug;
		};
		5FB11CB82D9F0B1F00975EDB /* Release */ = {
			isa = XCBuildConfiguration;
			buildSettings = {
				ALWAYS_SEARCH_USER_PATHS = NO;
				ASSETCATALOG_COMPILER_GENERATE_SWIFT_ASSET_SYMBOL_EXTENSIONS = YES;
				CLANG_ANALYZER_NONNULL = YES;
				CLANG_ANALYZER_NUMBER_OBJECT_CONVERSION = YES_AGGRESSIVE;
				CLANG_CXX_LANGUAGE_STANDARD = "gnu++20";
				CLANG_ENABLE_MODULES = YES;
				CLANG_ENABLE_OBJC_ARC = YES;
				CLANG_ENABLE_OBJC_WEAK = YES;
				CLANG_WARN_BLOCK_CAPTURE_AUTORELEASING = YES;
				CLANG_WARN_BOOL_CONVERSION = YES;
				CLANG_WARN_COMMA = YES;
				CLANG_WARN_CONSTANT_CONVERSION = YES;
				CLANG_WARN_DEPRECATED_OBJC_IMPLEMENTATIONS = YES;
				CLANG_WARN_DIRECT_OBJC_ISA_USAGE = YES_ERROR;
				CLANG_WARN_DOCUMENTATION_COMMENTS = YES;
				CLANG_WARN_EMPTY_BODY = YES;
				CLANG_WARN_ENUM_CONVERSION = YES;
				CLANG_WARN_INFINITE_RECURSION = YES;
				CLANG_WARN_INT_CONVERSION = YES;
				CLANG_WARN_NON_LITERAL_NULL_CONVERSION = YES;
				CLANG_WARN_OBJC_IMPLICIT_RETAIN_SELF = YES;
				CLANG_WARN_OBJC_LITERAL_CONVERSION = YES;
				CLANG_WARN_OBJC_ROOT_CLASS = YES_ERROR;
				CLANG_WARN_QUOTED_INCLUDE_IN_FRAMEWORK_HEADER = YES;
				CLANG_WARN_RANGE_LOOP_ANALYSIS = YES;
				CLANG_WARN_STRICT_PROTOTYPES = YES;
				CLANG_WARN_SUSPICIOUS_MOVE = YES;
				CLANG_WARN_UNGUARDED_AVAILABILITY = YES_AGGRESSIVE;
				CLANG_WARN_UNREACHABLE_CODE = YES;
				CLANG_WARN__DUPLICATE_METHOD_MATCH = YES;
				COPY_PHASE_STRIP = NO;
				DEBUG_INFORMATION_FORMAT = "dwarf-with-dsym";
				ENABLE_NS_ASSERTIONS = NO;
				ENABLE_STRICT_OBJC_MSGSEND = YES;
				ENABLE_USER_SCRIPT_SANDBOXING = NO;
				GCC_C_LANGUAGE_STANDARD = gnu17;
				GCC_NO_COMMON_BLOCKS = YES;
				GCC_WARN_64_TO_32_BIT_CONVERSION = YES;
				GCC_WARN_ABOUT_RETURN_TYPE = YES_ERROR;
				GCC_WARN_UNDECLARED_SELECTOR = YES;
				GCC_WARN_UNINITIALIZED_AUTOS = YES_AGGRESSIVE;
				GCC_WARN_UNUSED_FUNCTION = YES;
				GCC_WARN_UNUSED_VARIABLE = YES;
				IPHONEOS_DEPLOYMENT_TARGET = 18.2;
				LOCALIZATION_PREFERS_STRING_CATALOGS = YES;
				MTL_ENABLE_DEBUG_INFO = NO;
				MTL_FAST_MATH = YES;
				SDKROOT = iphoneos;
				SWIFT_COMPILATION_MODE = wholemodule;
				VALIDATE_PRODUCT = YES;
			};
			name = Release;
		};
/* End XCBuildConfiguration section */

/* Begin XCConfigurationList section */
		5FB11C9C2D9F0B1D00975EDB /* Build configuration list for PBXProject "TMDB Port" */ = {
			isa = XCConfigurationList;
			buildConfigurations = (
				5FB11CB72D9F0B1F00975EDB /* Debug */,
				5FB11CB82D9F0B1F00975EDB /* Release */,
			);
			defaultConfigurationIsVisible = 0;
			defaultConfigurationName = Release;
		};
		5FB11CB42D9F0B1F00975EDB /* Build configuration list for PBXNativeTarget "TMDB Port" */ = {
			isa = XCConfigurationList;
			buildConfigurations = (
				5FB11CB52D9F0B1F00975EDB /* Debug */,
				5FB11CB62D9F0B1F00975EDB /* Release */,
			);
			defaultConfigurationIsVisible = 0;
			defaultConfigurationName = Release;
		};
/* End XCConfigurationList section */

/* Begin XCRemoteSwiftPackageReference section */
		5FCED3992DA28E4C009A9221 /* XCRemoteSwiftPackageReference "Sourcery" */ = {
			isa = XCRemoteSwiftPackageReference;
			repositoryURL = "https://github.com/krzysztofzablocki/Sourcery?ref=kazaimazai.com";
			requirement = {
				kind = upToNextMajorVersion;
				minimumVersion = 2.2.6;
			};
		};
		5FCED6982DA30108009A9221 /* XCRemoteSwiftPackageReference "Swinject" */ = {
			isa = XCRemoteSwiftPackageReference;
			repositoryURL = "https://github.com/Swinject/Swinject";
			requirement = {
				kind = upToNextMajorVersion;
				minimumVersion = 2.9.1;
			};
		};
/* End XCRemoteSwiftPackageReference section */

/* Begin XCSwiftPackageProductDependency section */
		5FCED6992DA30108009A9221 /* Swinject */ = {
			isa = XCSwiftPackageProductDependency;
			package = 5FCED6982DA30108009A9221 /* XCRemoteSwiftPackageReference "Swinject" */;
			productName = Swinject;
		};
/* End XCSwiftPackageProductDependency section */
	};
	rootObject = 5FB11C992D9F0B1D00975EDB /* Project object */;
}
